
Microsoft Visual Studio Solution File, Format Version 12.00
# Visual Studio Version 17
VisualStudioVersion = 17.8.34112.27
MinimumVisualStudioVersion = 10.0.40219.1
Project("{2150E333-8FDC-42A3-9474-1A3956D46DE8}") = "src", "src", "{D4BDCFA9-1B0D-49F6-BFFF-E90BC0781417}"
EndProject
Project("{2150E333-8FDC-42A3-9474-1A3956D46DE8}") = "tests", "tests", "{1C39A176-8BF6-4EFC-BF50-4731F55B8935}"
EndProject
Project("{2150E333-8FDC-42A3-9474-1A3956D46DE8}") = "assets", "assets", "{55BA7C7A-C7A2-4B89-B761-F6871E2FBE20}"
	ProjectSection(SolutionItems) = preProject
		.editorconfig = .editorconfig
		.gitignore = .gitignore
		Directory.Build.props = Directory.Build.props
		API.http = API.http
		Directory.Packages.props = Directory.Packages.props
		global.json = global.json
		nuget.config = nuget.config
		README.md = README.md
	EndProjectSection
EndProject
Project("{9A19103F-16F7-4668-BE54-9A1E7A4F7556}") = "Core", "src\Core\Core.csproj", "{FBC538DF-9529-4205-A4FD-AB6EADC065A1}"
EndProject
Project("{9A19103F-16F7-4668-BE54-9A1E7A4F7556}") = "Presentation.Web.Server", "src\Presentation.Web.Server\Presentation.Web.Server.csproj", "{E135B1DF-D94B-415E-9E5E-BE18AAF8EA13}"
EndProject
Project("{9A19103F-16F7-4668-BE54-9A1E7A4F7556}") = "Core.UnitTests", "tests\Core.UnitTests\Core.UnitTests.csproj", "{865AB038-2212-4CE6-B252-F6BA5DF47A08}"
EndProject
Project("{9A19103F-16F7-4668-BE54-9A1E7A4F7556}") = "Core.IntegrationTests", "tests\Core.IntegrationTests\Core.IntegrationTests.csproj", "{E2C2BB57-2AF4-4588-9525-B4201F0C7712}"
EndProject
Global
	GlobalSection(SolutionConfigurationPlatforms) = preSolution
		Debug|Any CPU = Debug|Any CPU
		Release|Any CPU = Release|Any CPU
	EndGlobalSection
	GlobalSection(ProjectConfigurationPlatforms) = postSolution
		{FBC538DF-9529-4205-A4FD-AB6EADC065A1}.Debug|Any CPU.ActiveCfg = Debug|Any CPU
		{FBC538DF-9529-4205-A4FD-AB6EADC065A1}.Debug|Any CPU.Build.0 = Debug|Any CPU
		{FBC538DF-9529-4205-A4FD-AB6EADC065A1}.Release|Any CPU.ActiveCfg = Release|Any CPU
		{FBC538DF-9529-4205-A4FD-AB6EADC065A1}.Release|Any CPU.Build.0 = Release|Any CPU
		{E135B1DF-D94B-415E-9E5E-BE18AAF8EA13}.Debug|Any CPU.ActiveCfg = Debug|Any CPU
		{E135B1DF-D94B-415E-9E5E-BE18AAF8EA13}.Debug|Any CPU.Build.0 = Debug|Any CPU
		{E135B1DF-D94B-415E-9E5E-BE18AAF8EA13}.Release|Any CPU.ActiveCfg = Release|Any CPU
		{E135B1DF-D94B-415E-9E5E-BE18AAF8EA13}.Release|Any CPU.Build.0 = Release|Any CPU
		{865AB038-2212-4CE6-B252-F6BA5DF47A08}.Debug|Any CPU.ActiveCfg = Debug|Any CPU
		{865AB038-2212-4CE6-B252-F6BA5DF47A08}.Debug|Any CPU.Build.0 = Debug|Any CPU
		{865AB038-2212-4CE6-B252-F6BA5DF47A08}.Release|Any CPU.ActiveCfg = Release|Any CPU
		{865AB038-2212-4CE6-B252-F6BA5DF47A08}.Release|Any CPU.Build.0 = Release|Any CPU
		{E2C2BB57-2AF4-4588-9525-B4201F0C7712}.Debug|Any CPU.ActiveCfg = Debug|Any CPU
		{E2C2BB57-2AF4-4588-9525-B4201F0C7712}.Debug|Any CPU.Build.0 = Debug|Any CPU
		{E2C2BB57-2AF4-4588-9525-B4201F0C7712}.Release|Any CPU.ActiveCfg = Release|Any CPU
		{E2C2BB57-2AF4-4588-9525-B4201F0C7712}.Release|Any CPU.Build.0 = Release|Any CPU
	EndGlobalSection
	GlobalSection(SolutionProperties) = preSolution
		HideSolutionNode = FALSE
	EndGlobalSection
	GlobalSection(NestedProjects) = preSolution
		{FBC538DF-9529-4205-A4FD-AB6EADC065A1} = {D4BDCFA9-1B0D-49F6-BFFF-E90BC0781417}
		{E135B1DF-D94B-415E-9E5E-BE18AAF8EA13} = {D4BDCFA9-1B0D-49F6-BFFF-E90BC0781417}
		{865AB038-2212-4CE6-B252-F6BA5DF47A08} = {1C39A176-8BF6-4EFC-BF50-4731F55B8935}
		{E2C2BB57-2AF4-4588-9525-B4201F0C7712} = {1C39A176-8BF6-4EFC-BF50-4731F55B8935}
	EndGlobalSection
	GlobalSection(ExtensibilityGlobals) = postSolution
		SolutionGuid = {4A506444-BFA7-4EFF-8C64-A1A451119966}
	EndGlobalSection
EndGlobal
